
Microsoft Visual Studio Solution File, Format Version 12.00
# Visual Studio 15
VisualStudioVersion = 15.0.28307.271
MinimumVisualStudioVersion = 10.0.40219.1
Project("{FAE04EC0-301F-11D3-BF4B-00C04F79EFBC}") = "my-wpf", "my-wpf\my-wpf.csproj", "{1F40A870-ACE4-44EB-9837-A34BAA83062F}"
EndProject
Project("{FAE04EC0-301F-11D3-BF4B-00C04F79EFBC}") = "digi-timer", "digi-timer\digi-timer.csproj", "{A72AD207-3272-4DCF-99BB-642E41EFCB99}"
EndProject
Project("{FAE04EC0-301F-11D3-BF4B-00C04F79EFBC}") = "layout", "layout\layout.csproj", "{C2115FB4-9538-43CB-AEA7-046DFA04238D}"
EndProject
Global
	GlobalSection(SolutionConfigurationPlatforms) = preSolution
		Debug|Any CPU = Debug|Any CPU
		Release|Any CPU = Release|Any CPU
	EndGlobalSection
	GlobalSection(ProjectConfigurationPlatforms) = postSolution
		{1F40A870-ACE4-44EB-9837-A34BAA83062F}.Debug|Any CPU.ActiveCfg = Debug|Any CPU
		{1F40A870-ACE4-44EB-9837-A34BAA83062F}.Debug|Any CPU.Build.0 = Debug|Any CPU
		{1F40A870-ACE4-44EB-9837-A34BAA83062F}.Release|Any CPU.ActiveCfg = Release|Any CPU
		{1F40A870-ACE4-44EB-9837-A34BAA83062F}.Release|Any CPU.Build.0 = Release|Any CPU
		{A72AD207-3272-4DCF-99BB-642E41EFCB99}.Debug|Any CPU.ActiveCfg = Debug|Any CPU
		{A72AD207-3272-4DCF-99BB-642E41EFCB99}.Debug|Any CPU.Build.0 = Debug|Any CPU
		{A72AD207-3272-4DCF-99BB-642E41EFCB99}.Release|Any CPU.ActiveCfg = Release|Any CPU
		{A72AD207-3272-4DCF-99BB-642E41EFCB99}.Release|Any CPU.Build.0 = Release|Any CPU
		{C2115FB4-9538-43CB-AEA7-046DFA04238D}.Debug|Any CPU.ActiveCfg = Debug|Any CPU
		{C2115FB4-9538-43CB-AEA7-046DFA04238D}.Debug|Any CPU.Build.0 = Debug|Any CPU
		{C2115FB4-9538-43CB-AEA7-046DFA04238D}.Release|Any CPU.ActiveCfg = Release|Any CPU
		{C2115FB4-9538-43CB-AEA7-046DFA04238D}.Release|Any CPU.Build.0 = Release|Any CPU
	EndGlobalSection
	GlobalSection(SolutionProperties) = preSolution
		HideSolutionNode = FALSE
	EndGlobalSection
	GlobalSection(ExtensibilityGlobals) = postSolution
		SolutionGuid = {B5D4833A-EF2C-44AC-950F-BD92D2B40E59}
	EndGlobalSection
EndGlobal
